{
  "version": 4,
  "terraform_version": "1.8.2",
  "serial": 5,
  "lineage": "db645df5-9210-44d9-8254-88af2ca643b5",
  "outputs": {},
  "resources": [
    {
      "mode": "managed",
      "type": "local_file",
      "name": "python_function",
      "provider": "provider[\"registry.terraform.io/hashicorp/local\"]",
      "instances": [
        {
          "schema_version": 0,
          "attributes": {
            "content": "what_to_print = var.what_to_print\ndef hello_world():\n\tprint(what_to_print)\nhello_world()\n",
            "content_base64": null,
            "content_base64sha256": "foGHBFkLlhLn/7Co2rypj+GalhNU0vqTWgWjPKBpGGQ=",
            "content_base64sha512": "u4YqM2hugAthFu1kJksKU1I2EE8snlHs5u31Bji2QST7mcdg7ttb9g/Io7uCPWe2pmdlo/+InvS4c0DD9Kd4dg==",
            "content_md5": "eeac76f5650fa9a378f4afde433a6731",
            "content_sha1": "97f2ce80311040cad9190db88a59a13e261cc50f",
            "content_sha256": "7e818704590b9612e7ffb0a8dabca98fe19a961354d2fa935a05a33ca0691864",
            "content_sha512": "bb862a33686e800b6116ed64264b0a535236104f2c9e51ece6edf50638b64124fb99c760eedb5bf60fc8a3bb823d67b6a66765a3ff889ef4b87340c3f4a77876",
            "directory_permission": "0777",
            "file_permission": "0777",
            "filename": "hello_world.py",
            "id": "97f2ce80311040cad9190db88a59a13e261cc50f",
            "sensitive_content": null,
            "source": null
          },
          "sensitive_attributes": [
            [
              {
                "type": "get_attr",
                "value": "sensitive_content"
              }
            ]
          ]
        }
      ]
    }
  ],
  "check_results": null
}
