{
  "version": 4,
  "terraform_version": "1.8.2",
  "serial": 7,
  "lineage": "db645df5-9210-44d9-8254-88af2ca643b5",
  "outputs": {},
  "resources": [
    {
      "mode": "managed",
      "type": "local_file",
      "name": "python_function",
      "provider": "provider[\"registry.terraform.io/hashicorp/local\"]",
      "instances": [
        {
          "schema_version": 0,
          "attributes": {
            "content": "print('Hello world!')",
            "content_base64": null,
            "content_base64sha256": "gMRdJ+DnQJPI24IWvEyjxF/WGD2M55DViNzNKtFhHjo=",
            "content_base64sha512": "yEMEBbN2buD5pugTvriH4bGN1aSiJWoQAPzbS9if4AzyOJLHdIZBuKaO+DRhogDPcgDEFJZ4Ejcyh0Iyj0UQMg==",
            "content_md5": "a04860430c3fa85e5e277fb5f5e6b9ce",
            "content_sha1": "27986105805cf23422d40fc399ad845f1c78b68d",
            "content_sha256": "80c45d27e0e74093c8db8216bc4ca3c45fd6183d8ce790d588dccd2ad1611e3a",
            "content_sha512": "c8430405b3766ee0f9a6e813beb887e1b18dd5a4a2256a1000fcdb4bd89fe00cf23892c7748641b8a68ef83461a200cf7200c41496781237328742328f451032",
            "directory_permission": "0777",
            "file_permission": "0777",
            "filename": "hello_world.py",
            "id": "27986105805cf23422d40fc399ad845f1c78b68d",
            "sensitive_content": null,
            "source": null
          },
          "sensitive_attributes": [
            [
              {
                "type": "get_attr",
                "value": "sensitive_content"
              }
            ]
          ]
        }
      ]
    }
  ],
  "check_results": null
}
